{
  "name": "CSV-with-node",
  "version": "1.0.0",
  "lockfileVersion": 1,
  "requires": true,
  "dependencies": {
    "csv": {
      "version": "5.5.2",
      "resolved": "https://registry.npmjs.org/csv/-/csv-5.5.2.tgz",
      "integrity": "sha512-sVAhC1tYZW0Oy3P88bFVGbZZhFu+0bGSNjZJMjVxIJffSpHdFfxcIFK1ALtZMWYyfaxAIuYWGOobKGcXr2mVvw==",
      "requires": {
        "csv-generate": "^3.4.2",
        "csv-parse": "^4.16.2",
        "csv-stringify": "^5.6.4",
        "stream-transform": "^2.1.2"
      }
    },
    "csv-generate": {
      "version": "3.4.2",
      "resolved": "https://registry.npmjs.org/csv-generate/-/csv-generate-3.4.2.tgz",
      "integrity": "sha512-Bbk8HsUwd824v7lwGZO7TjoTT57tFdlF4SNkCu0pF6DLy0YkKWDNETqQ9KCkwYNu5N24xLIwNG7CiQ3QCSUf5g=="
    },
    "csv-parse": {
      "version": "4.16.2",
      "resolved": "https://registry.npmjs.org/csv-parse/-/csv-parse-4.16.2.tgz",
      "integrity": "sha512-eq2BhB6JiIJaNv61pH5EC+o/iyCBxT+g6ukLu2UoNyS5daCN8YlzhOsLHGt/t9sGraMYt/aizaXPLQoNvxlIMw=="
    },
    "csv-stringify": {
      "version": "5.6.4",
      "resolved": "https://registry.npmjs.org/csv-stringify/-/csv-stringify-5.6.4.tgz",
      "integrity": "sha512-LnX2ft+6MX3CJKLoL4n9ZLIiaUKmPQLJixMbSfGC8wGNBn82UEdX9Fcg4f2HbpCTWqjIiLrxegQt2uorQo2NXw=="
    },
    "csv-writer": {
      "version": "1.6.0",
      "resolved": "https://registry.npmjs.org/csv-writer/-/csv-writer-1.6.0.tgz",
      "integrity": "sha512-NOx7YDFWEsM/fTRAJjRpPp8t+MKRVvniAg9wQlUKx20MFrPs73WLJhFf5iteqrxNYnsy924K3Iroh3yNHeYd2g=="
    },
    "mixme": {
      "version": "0.5.1",
      "resolved": "https://registry.npmjs.org/mixme/-/mixme-0.5.1.tgz",
      "integrity": "sha512-NaeZIckeBFT7i0XBEpGyFcAE0/bLcQ9MHErTpnU3bLWVE5WZbxG5Y3fDsMxYGifTo5khDA42OquXCC2ngKJB+g=="
    },
    "node-csv": {
      "version": "0.1.2",
      "resolved": "https://registry.npmjs.org/node-csv/-/node-csv-0.1.2.tgz",
      "integrity": "sha1-/8ht8l89wHOQIKsVEh4tMDPnRwA="
    },
    "stream-transform": {
      "version": "2.1.2",
      "resolved": "https://registry.npmjs.org/stream-transform/-/stream-transform-2.1.2.tgz",
      "integrity": "sha512-EnqH5Fdzs6OQB651YsAw1Y78EznjC5B6ythbXIuAiS7r5JVJWGPU8iVDnxFvps/FpSdJIctCcFStamDEygovBg==",
      "requires": {
        "mixme": "^0.5.0"
      }
    },
    "writer": {
      "version": "1.0.0",
      "resolved": "https://registry.npmjs.org/writer/-/writer-1.0.0.tgz",
      "integrity": "sha1-azXU3YoCNkW3Kwvwi1S9j/LoGb8="
    }
  }
}
